Microsoft Visual Studio Solution File, Format Version 11.00
# Visual Studio 2010
Project("{FAE04EC0-301F-11D3-BF4B-00C04F79EFBC}") = "Assembly-CSharp", "Assembly-CSharp.csproj", "{7BFBAF65-BEBC-F1DC-A018-C48E81A13049}"
EndProject
Project("{2150E333-8FDC-42A3-9474-1A3956D46DE8}") = "Solution Items", "Solution Items", "{587378FF-F41E-4A19-BFB2-D7B825F682C8}"
	ProjectSection(SolutionItems) = preProject
		Local.testsettings = Local.testsettings
		TraceAndTestImpact.testsettings = TraceAndTestImpact.testsettings
		UnityTestGame.vsmdi = UnityTestGame.vsmdi
	EndProjectSection
EndProject
Project("{FAE04EC0-301F-11D3-BF4B-00C04F79EFBC}") = "UnityTestGameTest", "UnityTestGameTest\UnityTestGameTest.csproj", "{12AE605F-00DF-4964-95C9-11A37BB67C72}"
EndProject
Global
	GlobalSection(TestCaseManagementSettings) = postSolution
		CategoryFile = UnityTestGame.vsmdi
	EndGlobalSection
	GlobalSection(SolutionConfigurationPlatforms) = preSolution
		Debug|Any CPU = Debug|Any CPU
		Release|Any CPU = Release|Any CPU
	EndGlobalSection
	GlobalSection(ProjectConfigurationPlatforms) = postSolution
		{7BFBAF65-BEBC-F1DC-A018-C48E81A13049}.Debug|Any CPU.ActiveCfg = Debug|Any CPU
		{7BFBAF65-BEBC-F1DC-A018-C48E81A13049}.Debug|Any CPU.Build.0 = Debug|Any CPU
		{7BFBAF65-BEBC-F1DC-A018-C48E81A13049}.Release|Any CPU.ActiveCfg = Release|Any CPU
		{7BFBAF65-BEBC-F1DC-A018-C48E81A13049}.Release|Any CPU.Build.0 = Release|Any CPU
		{12AE605F-00DF-4964-95C9-11A37BB67C72}.Debug|Any CPU.ActiveCfg = Debug|Any CPU
		{12AE605F-00DF-4964-95C9-11A37BB67C72}.Debug|Any CPU.Build.0 = Debug|Any CPU
		{12AE605F-00DF-4964-95C9-11A37BB67C72}.Release|Any CPU.ActiveCfg = Release|Any CPU
		{12AE605F-00DF-4964-95C9-11A37BB67C72}.Release|Any CPU.Build.0 = Release|Any CPU
	EndGlobalSection
	GlobalSection(SolutionProperties) = preSolution
		HideSolutionNode = FALSE
	EndGlobalSection
	GlobalSection(MonoDevelopProperties) = preSolution
		StartupItem = Assembly-CSharp.csproj
		Policies = $0
		$0.TextStylePolicy = $1
		$1.inheritsSet = null
		$1.scope = text/x-csharp
		$0.CSharpFormattingPolicy = $2
		$2.inheritsSet = Mono
		$2.inheritsScope = text/x-csharp
		$2.scope = text/x-csharp
		$0.TextStylePolicy = $3
		$3.FileWidth = 120
		$3.TabWidth = 4
		$3.EolMarker = Unix
		$3.inheritsSet = Mono
		$3.inheritsScope = text/plain
		$3.scope = text/plain
	EndGlobalSection
EndGlobal
