
Microsoft Visual Studio Solution File, Format Version 11.00
# Visual Studio 2010
Project("{FAE04EC0-301F-11D3-BF4B-00C04F79EFBC}") = "Cruel", "Cruel\Cruel.csproj", "{1FE60322-8F95-49A4-B036-71A42B04E9BE}"
EndProject
Project("{FAE04EC0-301F-11D3-BF4B-00C04F79EFBC}") = "CruelTest", "CruelTest\CruelTest.csproj", "{50A63147-D28F-4F62-8FE6-2EDEC8F6B01D}"
EndProject
Project("{2150E333-8FDC-42A3-9474-1A3956D46DE8}") = "Solution Items", "Solution Items", "{950A1824-442F-40A0-A0BB-F0AB7BC6B3C1}"
	ProjectSection(SolutionItems) = preProject
		Cruel.vsmdi = Cruel.vsmdi
		Local.testsettings = Local.testsettings
		TraceAndTestImpact.testsettings = TraceAndTestImpact.testsettings
	EndProjectSection
EndProject
Project("{FAE04EC0-301F-11D3-BF4B-00C04F79EFBC}") = "XmasEngineModel", "..\XmasEngine\XmasProject\XmasEngineModel\XmasEngineModel.csproj", "{70ABBB17-6A3C-429C-B27E-0F56AACB9F69}"
EndProject
Project("{FAE04EC0-301F-11D3-BF4B-00C04F79EFBC}") = "XmasEngineExtensions", "..\XmasEngine\XmasProject\XmasEngineExtensions\XmasEngineExtensions.csproj", "{F0965EBC-FEAF-4445-A43B-998D0A8D249D}"
EndProject
Project("{FAE04EC0-301F-11D3-BF4B-00C04F79EFBC}") = "XmasEngineView", "..\XmasEngine\XmasProject\XmasEngineView\XmasEngineView.csproj", "{99F1F1F4-2DF4-4C9E-8A33-5CD538D2C002}"
EndProject
Project("{FAE04EC0-301F-11D3-BF4B-00C04F79EFBC}") = "XmasEngineController", "..\XmasEngine\XmasProject\XmasEngineController\XmasEngineController.csproj", "{0FAE1368-42FC-48F7-A82B-58CF276188C1}"
EndProject
Project("{FAE04EC0-301F-11D3-BF4B-00C04F79EFBC}") = "JSLibrary", "..\XmasEngine\JSLibrary\JSLibrary\JSLibrary\JSLibrary.csproj", "{02121C4A-B1FB-46B8-BDE8-C5C6CA28C036}"
EndProject
Global
	GlobalSection(TestCaseManagementSettings) = postSolution
		CategoryFile = Cruel.vsmdi
	EndGlobalSection
	GlobalSection(SolutionConfigurationPlatforms) = preSolution
		Debug|Any CPU = Debug|Any CPU
		Release|Any CPU = Release|Any CPU
	EndGlobalSection
	GlobalSection(ProjectConfigurationPlatforms) = postSolution
		{1FE60322-8F95-49A4-B036-71A42B04E9BE}.Debug|Any CPU.ActiveCfg = Debug|Any CPU
		{1FE60322-8F95-49A4-B036-71A42B04E9BE}.Debug|Any CPU.Build.0 = Debug|Any CPU
		{1FE60322-8F95-49A4-B036-71A42B04E9BE}.Release|Any CPU.ActiveCfg = Release|Any CPU
		{1FE60322-8F95-49A4-B036-71A42B04E9BE}.Release|Any CPU.Build.0 = Release|Any CPU
		{50A63147-D28F-4F62-8FE6-2EDEC8F6B01D}.Debug|Any CPU.ActiveCfg = Debug|Any CPU
		{50A63147-D28F-4F62-8FE6-2EDEC8F6B01D}.Debug|Any CPU.Build.0 = Debug|Any CPU
		{50A63147-D28F-4F62-8FE6-2EDEC8F6B01D}.Release|Any CPU.ActiveCfg = Release|Any CPU
		{50A63147-D28F-4F62-8FE6-2EDEC8F6B01D}.Release|Any CPU.Build.0 = Release|Any CPU
		{70ABBB17-6A3C-429C-B27E-0F56AACB9F69}.Debug|Any CPU.ActiveCfg = Debug|Any CPU
		{70ABBB17-6A3C-429C-B27E-0F56AACB9F69}.Debug|Any CPU.Build.0 = Debug|Any CPU
		{70ABBB17-6A3C-429C-B27E-0F56AACB9F69}.Release|Any CPU.ActiveCfg = Release|Any CPU
		{70ABBB17-6A3C-429C-B27E-0F56AACB9F69}.Release|Any CPU.Build.0 = Release|Any CPU
		{F0965EBC-FEAF-4445-A43B-998D0A8D249D}.Debug|Any CPU.ActiveCfg = Debug|Any CPU
		{F0965EBC-FEAF-4445-A43B-998D0A8D249D}.Debug|Any CPU.Build.0 = Debug|Any CPU
		{F0965EBC-FEAF-4445-A43B-998D0A8D249D}.Release|Any CPU.ActiveCfg = Release|Any CPU
		{F0965EBC-FEAF-4445-A43B-998D0A8D249D}.Release|Any CPU.Build.0 = Release|Any CPU
		{99F1F1F4-2DF4-4C9E-8A33-5CD538D2C002}.Debug|Any CPU.ActiveCfg = Debug|Any CPU
		{99F1F1F4-2DF4-4C9E-8A33-5CD538D2C002}.Debug|Any CPU.Build.0 = Debug|Any CPU
		{99F1F1F4-2DF4-4C9E-8A33-5CD538D2C002}.Release|Any CPU.ActiveCfg = Release|Any CPU
		{99F1F1F4-2DF4-4C9E-8A33-5CD538D2C002}.Release|Any CPU.Build.0 = Release|Any CPU
		{0FAE1368-42FC-48F7-A82B-58CF276188C1}.Debug|Any CPU.ActiveCfg = Debug|Any CPU
		{0FAE1368-42FC-48F7-A82B-58CF276188C1}.Debug|Any CPU.Build.0 = Debug|Any CPU
		{0FAE1368-42FC-48F7-A82B-58CF276188C1}.Release|Any CPU.ActiveCfg = Release|Any CPU
		{0FAE1368-42FC-48F7-A82B-58CF276188C1}.Release|Any CPU.Build.0 = Release|Any CPU
		{02121C4A-B1FB-46B8-BDE8-C5C6CA28C036}.Debug|Any CPU.ActiveCfg = Debug|Any CPU
		{02121C4A-B1FB-46B8-BDE8-C5C6CA28C036}.Debug|Any CPU.Build.0 = Debug|Any CPU
		{02121C4A-B1FB-46B8-BDE8-C5C6CA28C036}.Release|Any CPU.ActiveCfg = Release|Any CPU
		{02121C4A-B1FB-46B8-BDE8-C5C6CA28C036}.Release|Any CPU.Build.0 = Release|Any CPU
	EndGlobalSection
	GlobalSection(SolutionProperties) = preSolution
		HideSolutionNode = FALSE
	EndGlobalSection
EndGlobal
